
Microsoft Visual Studio Solution File, Format Version 12.00
# Visual Studio 14
VisualStudioVersion = 14.0.24720.0
MinimumVisualStudioVersion = 10.0.40219.1
Project("{FAE04EC0-301F-11D3-BF4B-00C04F79EFBC}") = "AnimeScrapper", "AnimeScrapper\AnimeScrapper.csproj", "{F52FAA2A-AB41-4217-96EA-335701BA9251}"
EndProject
Project("{2150E333-8FDC-42A3-9474-1A3956D46DE8}") = "Solution Items", "Solution Items", "{297B1610-8E23-4B2A-B72A-F19274CB703C}"
	ProjectSection(SolutionItems) = preProject
		README.md = README.md
	EndProjectSection
EndProject
Global
	GlobalSection(SolutionConfigurationPlatforms) = preSolution
		Debug|Any CPU = Debug|Any CPU
		Release|Any CPU = Release|Any CPU
	EndGlobalSection
	GlobalSection(ProjectConfigurationPlatforms) = postSolution
		{F52FAA2A-AB41-4217-96EA-335701BA9251}.Debug|Any CPU.ActiveCfg = Debug|Any CPU
		{F52FAA2A-AB41-4217-96EA-335701BA9251}.Debug|Any CPU.Build.0 = Debug|Any CPU
		{F52FAA2A-AB41-4217-96EA-335701BA9251}.Release|Any CPU.ActiveCfg = Release|Any CPU
		{F52FAA2A-AB41-4217-96EA-335701BA9251}.Release|Any CPU.Build.0 = Release|Any CPU
	EndGlobalSection
	GlobalSection(SolutionProperties) = preSolution
		HideSolutionNode = FALSE
	EndGlobalSection
EndGlobal
